
Microsoft Visual Studio Solution File, Format Version 12.00
# Visual Studio Version 17
VisualStudioVersion = 17.14.37614.0 d17.14
MinimumVisualStudioVersion = 10.0.40219.1
Project("{FAE04EC0-301F-11D3-BF4B-00C04F79EFBC}") = "VertiCore.Web", "VertiCore.Web\VertiCore.Web.csproj", "{8862A8F1-9A1B-46F0-BA62-0889E5788213}"
EndProject
Global
	GlobalSection(SolutionConfigurationPlatforms) = preSolution
		Debug|Any CPU = Debug|Any CPU
		Release|Any CPU = Release|Any CPU
	EndGlobalSection
	GlobalSection(ProjectConfigurationPlatforms) = postSolution
		{8862A8F1-9A1B-46F0-BA62-0889E5788213}.Debug|Any CPU.ActiveCfg = Debug|Any CPU
		{8862A8F1-9A1B-46F0-BA62-0889E5788213}.Debug|Any CPU.Build.0 = Debug|Any CPU
		{8862A8F1-9A1B-46F0-BA62-0889E5788213}.Release|Any CPU.ActiveCfg = Release|Any CPU
		{8862A8F1-9A1B-46F0-BA62-0889E5788213}.Release|Any CPU.Build.0 = Release|Any CPU
	EndGlobalSection
	GlobalSection(SolutionProperties) = preSolution
		HideSolutionNode = FALSE
	EndGlobalSection
	GlobalSection(ExtensibilityGlobals) = postSolution
		SolutionGuid = {AD2F96BA-11FF-4CDB-90DE-6FCDD6E480BA}
	EndGlobalSection
EndGlobal
